
Microsoft Visual Studio Solution File, Format Version 12.00
# Visual Studio Version 17
VisualStudioVersion = 17.5.33414.496
MinimumVisualStudioVersion = 10.0.40219.1
Project("{9A19103F-16F7-4668-BE54-9A1E7A4F7556}") = "ShortenURLCoreApp", "ShortenURLCoreApp.csproj", "{ADABA13D-6A1C-42E5-8017-59599814941C}"
EndProject
Global
	GlobalSection(SolutionConfigurationPlatforms) = preSolution
		Debug|Any CPU = Debug|Any CPU
		Release|Any CPU = Release|Any CPU
	EndGlobalSection
	GlobalSection(ProjectConfigurationPlatforms) = postSolution
		{ADABA13D-6A1C-42E5-8017-59599814941C}.Debug|Any CPU.ActiveCfg = Debug|Any CPU
		{ADABA13D-6A1C-42E5-8017-59599814941C}.Debug|Any CPU.Build.0 = Debug|Any CPU
		{ADABA13D-6A1C-42E5-8017-59599814941C}.Release|Any CPU.ActiveCfg = Release|Any CPU
		{ADABA13D-6A1C-42E5-8017-59599814941C}.Release|Any CPU.Build.0 = Release|Any CPU
	EndGlobalSection
	GlobalSection(SolutionProperties) = preSolution
		HideSolutionNode = FALSE
	EndGlobalSection
	GlobalSection(ExtensibilityGlobals) = postSolution
		SolutionGuid = {DA901BC0-1124-47CA-9449-4470FD420BC9}
	EndGlobalSection
EndGlobal
